// !$*UTF8*$!
{
	archiveVersion = 1;
	classes = {
	};
	objectVersion = 50;
	objects = {

/* Begin PBXBuildFile section */
		5A725033259CEDD800BE16DB /* GeoViewController.swift in Sources */ = {isa = PBXBuildFile; fileRef = 5A725032259CEDD800BE16DB /* GeoViewController.swift */; };
		5A74E16C25ED58E800CEE4A5 /* KinoRateDB.xcdatamodeld in Sources */ = {isa = PBXBuildFile; fileRef = 5A74E16A25ED58E800CEE4A5 /* KinoRateDB.xcdatamodeld */; };
		5A74E17025ED597200CEE4A5 /* Comments+CoreDataClass.swift in Sources */ = {isa = PBXBuildFile; fileRef = 5A74E16E25ED597200CEE4A5 /* Comments+CoreDataClass.swift */; };
		5A74E17125ED597200CEE4A5 /* Comments+CoreDataProperties.swift in Sources */ = {isa = PBXBuildFile; fileRef = 5A74E16F25ED597200CEE4A5 /* Comments+CoreDataProperties.swift */; };
		5A8609642588C7EB00D1CB8B /* UIImageExtansion.swift in Sources */ = {isa = PBXBuildFile; fileRef = 5A8609632588C7EB00D1CB8B /* UIImageExtansion.swift */; };
		5A8609672588E6B700D1CB8B /* ProfileViewController.swift in Sources */ = {isa = PBXBuildFile; fileRef = 5A8609662588E6B700D1CB8B /* ProfileViewController.swift */; };
		5A86B56F25C0587E00F3B9B1 /* FilmsSubCollectionViewCell.swift in Sources */ = {isa = PBXBuildFile; fileRef = 5A86B56E25C0587E00F3B9B1 /* FilmsSubCollectionViewCell.swift */; };
		5A8D4DD525DEFEEA000A8C6B /* CreateRateViewController.swift in Sources */ = {isa = PBXBuildFile; fileRef = 5A8D4DD425DEFEEA000A8C6B /* CreateRateViewController.swift */; };
		5A91687925E1AAE1005C4F4F /* WorkWithDB.swift in Sources */ = {isa = PBXBuildFile; fileRef = 5A91687825E1AAE1005C4F4F /* WorkWithDB.swift */; };
		5A9D9FB02583BA8A001CADF9 /* AppDelegate.swift in Sources */ = {isa = PBXBuildFile; fileRef = 5A9D9FAF2583BA8A001CADF9 /* AppDelegate.swift */; };
		5A9D9FB22583BA8A001CADF9 /* SceneDelegate.swift in Sources */ = {isa = PBXBuildFile; fileRef = 5A9D9FB12583BA8A001CADF9 /* SceneDelegate.swift */; };
		5A9D9FBC2583BA8C001CADF9 /* Assets.xcassets in Resources */ = {isa = PBXBuildFile; fileRef = 5A9D9FBB2583BA8C001CADF9 /* Assets.xcassets */; };
		5A9D9FBF2583BA8C001CADF9 /* LaunchScreen.storyboard in Resources */ = {isa = PBXBuildFile; fileRef = 5A9D9FBD2583BA8C001CADF9 /* LaunchScreen.storyboard */; };
		5A9D9FCE2583BCAA001CADF9 /* SceneDelegateExtansion.swift in Sources */ = {isa = PBXBuildFile; fileRef = 5A9D9FCD2583BCAA001CADF9 /* SceneDelegateExtansion.swift */; };
		5A9D9FD42583C093001CADF9 /* FilmsViewController.swift in Sources */ = {isa = PBXBuildFile; fileRef = 5A9D9FD32583C093001CADF9 /* FilmsViewController.swift */; };
		5A9D9FD72583C09A001CADF9 /* RatesViewController.swift in Sources */ = {isa = PBXBuildFile; fileRef = 5A9D9FD62583C09A001CADF9 /* RatesViewController.swift */; };
		5A9D9FDA2583C0A0001CADF9 /* SettingsViewController.swift in Sources */ = {isa = PBXBuildFile; fileRef = 5A9D9FD92583C0A0001CADF9 /* SettingsViewController.swift */; };
		5A9D9FDD2583E698001CADF9 /* fichi.rtf in Resources */ = {isa = PBXBuildFile; fileRef = 5A9D9FDC2583E698001CADF9 /* fichi.rtf */; };
		5A9D9FE82583E9BB001CADF9 /* SettingsSubViewController.swift in Sources */ = {isa = PBXBuildFile; fileRef = 5A9D9FE72583E9BB001CADF9 /* SettingsSubViewController.swift */; };
		5A9D9FEB2583EA04001CADF9 /* AboutViewController.swift in Sources */ = {isa = PBXBuildFile; fileRef = 5A9D9FEA2583EA04001CADF9 /* AboutViewController.swift */; };
		5A9D9FEE2583EB22001CADF9 /* TempDataSource.swift in Sources */ = {isa = PBXBuildFile; fileRef = 5A9D9FED2583EB22001CADF9 /* TempDataSource.swift */; };
		5A9D9FF62583F325001CADF9 /* RatesTableViewCell.swift in Sources */ = {isa = PBXBuildFile; fileRef = 5A9D9FF52583F325001CADF9 /* RatesTableViewCell.swift */; };
		5AA791CA2593DF68001756A9 /* FilmSubTableViewCell.swift in Sources */ = {isa = PBXBuildFile; fileRef = 5AA791C92593DF68001756A9 /* FilmSubTableViewCell.swift */; };
		5ABD43C525D179AB0036A902 /* CalculatorViewController.swift in Sources */ = {isa = PBXBuildFile; fileRef = 5ABD43C425D179AB0036A902 /* CalculatorViewController.swift */; };
		5ABD43C825D17A070036A902 /* CalculatorLogic.swift in Sources */ = {isa = PBXBuildFile; fileRef = 5ABD43C725D17A070036A902 /* CalculatorLogic.swift */; };
		5ABD43CB25D17E900036A902 /* CalculatorView.swift in Sources */ = {isa = PBXBuildFile; fileRef = 5ABD43CA25D17E900036A902 /* CalculatorView.swift */; };
/* End PBXBuildFile section */

/* Begin PBXFileReference section */
		5A725032259CEDD800BE16DB /* GeoViewController.swift */ = {isa = PBXFileReference; lastKnownFileType = sourcecode.swift; path = GeoViewController.swift; sourceTree = "<group>"; };
		5A74E16B25ED58E800CEE4A5 /* KinoRateDB.xcdatamodel */ = {isa = PBXFileReference; lastKnownFileType = wrapper.xcdatamodel; path = KinoRateDB.xcdatamodel; sourceTree = "<group>"; };
		5A74E16E25ED597200CEE4A5 /* Comments+CoreDataClass.swift */ = {isa = PBXFileReference; lastKnownFileType = sourcecode.swift; path = "Comments+CoreDataClass.swift"; sourceTree = "<group>"; };
		5A74E16F25ED597200CEE4A5 /* Comments+CoreDataProperties.swift */ = {isa = PBXFileReference; lastKnownFileType = sourcecode.swift; path = "Comments+CoreDataProperties.swift"; sourceTree = "<group>"; };
		5A8609632588C7EB00D1CB8B /* UIImageExtansion.swift */ = {isa = PBXFileReference; lastKnownFileType = sourcecode.swift; path = UIImageExtansion.swift; sourceTree = "<group>"; };
		5A8609662588E6B700D1CB8B /* ProfileViewController.swift */ = {isa = PBXFileReference; lastKnownFileType = sourcecode.swift; path = ProfileViewController.swift; sourceTree = "<group>"; };
		5A86B56E25C0587E00F3B9B1 /* FilmsSubCollectionViewCell.swift */ = {isa = PBXFileReference; lastKnownFileType = sourcecode.swift; path = FilmsSubCollectionViewCell.swift; sourceTree = "<group>"; };
		5A8D4DD425DEFEEA000A8C6B /* CreateRateViewController.swift */ = {isa = PBXFileReference; lastKnownFileType = sourcecode.swift; path = CreateRateViewController.swift; sourceTree = "<group>"; };
		5A91687825E1AAE1005C4F4F /* WorkWithDB.swift */ = {isa = PBXFileReference; lastKnownFileType = sourcecode.swift; path = WorkWithDB.swift; sourceTree = "<group>"; };
		5A9D9FAC2583BA8A001CADF9 /* KinoRate.app */ = {isa = PBXFileReference; explicitFileType = wrapper.application; includeInIndex = 0; path = KinoRate.app; sourceTree = BUILT_PRODUCTS_DIR; };
		5A9D9FAF2583BA8A001CADF9 /* AppDelegate.swift */ = {isa = PBXFileReference; lastKnownFileType = sourcecode.swift; path = AppDelegate.swift; sourceTree = "<group>"; };
		5A9D9FB12583BA8A001CADF9 /* SceneDelegate.swift */ = {isa = PBXFileReference; lastKnownFileType = sourcecode.swift; path = SceneDelegate.swift; sourceTree = "<group>"; };
		5A9D9FBB2583BA8C001CADF9 /* Assets.xcassets */ = {isa = PBXFileReference; lastKnownFileType = folder.assetcatalog; path = Assets.xcassets; sourceTree = "<group>"; };
		5A9D9FBE2583BA8C001CADF9 /* Base */ = {isa = PBXFileReference; lastKnownFileType = file.storyboard; name = Base; path = Base.lproj/LaunchScreen.storyboard; sourceTree = "<group>"; };
		5A9D9FC02583BA8C001CADF9 /* Info.plist */ = {isa = PBXFileReference; lastKnownFileType = text.plist.xml; path = Info.plist; sourceTree = "<group>"; };
		5A9D9FCD2583BCAA001CADF9 /* SceneDelegateExtansion.swift */ = {isa = PBXFileReference; lastKnownFileType = sourcecode.swift; path = SceneDelegateExtansion.swift; sourceTree = "<group>"; };
		5A9D9FD32583C093001CADF9 /* FilmsViewController.swift */ = {isa = PBXFileReference; lastKnownFileType = sourcecode.swift; path = FilmsViewController.swift; sourceTree = "<group>"; };
		5A9D9FD62583C09A001CADF9 /* RatesViewController.swift */ = {isa = PBXFileReference; lastKnownFileType = sourcecode.swift; path = RatesViewController.swift; sourceTree = "<group>"; };
		5A9D9FD92583C0A0001CADF9 /* SettingsViewController.swift */ = {isa = PBXFileReference; lastKnownFileType = sourcecode.swift; name = SettingsViewController.swift; path = ../MainPages/SettingsViewController.swift; sourceTree = "<group>"; };
		5A9D9FDC2583E698001CADF9 /* fichi.rtf */ = {isa = PBXFileReference; lastKnownFileType = text.rtf; path = fichi.rtf; sourceTree = "<group>"; };
		5A9D9FE72583E9BB001CADF9 /* SettingsSubViewController.swift */ = {isa = PBXFileReference; lastKnownFileType = sourcecode.swift; path = SettingsSubViewController.swift; sourceTree = "<group>"; };
		5A9D9FEA2583EA04001CADF9 /* AboutViewController.swift */ = {isa = PBXFileReference; lastKnownFileType = sourcecode.swift; path = AboutViewController.swift; sourceTree = "<group>"; };
		5A9D9FED2583EB22001CADF9 /* TempDataSource.swift */ = {isa = PBXFileReference; lastKnownFileType = sourcecode.swift; path = TempDataSource.swift; sourceTree = "<group>"; };
		5A9D9FF52583F325001CADF9 /* RatesTableViewCell.swift */ = {isa = PBXFileReference; lastKnownFileType = sourcecode.swift; path = RatesTableViewCell.swift; sourceTree = "<group>"; };
		5AA791C92593DF68001756A9 /* FilmSubTableViewCell.swift */ = {isa = PBXFileReference; lastKnownFileType = sourcecode.swift; path = FilmSubTableViewCell.swift; sourceTree = "<group>"; };
		5ABD43C425D179AB0036A902 /* CalculatorViewController.swift */ = {isa = PBXFileReference; lastKnownFileType = sourcecode.swift; path = CalculatorViewController.swift; sourceTree = "<group>"; };
		5ABD43C725D17A070036A902 /* CalculatorLogic.swift */ = {isa = PBXFileReference; lastKnownFileType = sourcecode.swift; path = CalculatorLogic.swift; sourceTree = "<group>"; };
		5ABD43CA25D17E900036A902 /* CalculatorView.swift */ = {isa = PBXFileReference; lastKnownFileType = sourcecode.swift; path = CalculatorView.swift; sourceTree = "<group>"; };
/* End PBXFileReference section */

/* Begin PBXFrameworksBuildPhase section */
		5A9D9FA92583BA8A001CADF9 /* Frameworks */ = {
			isa = PBXFrameworksBuildPhase;
			buildActionMask = 2147483647;
			files = (
			);
			runOnlyForDeploymentPostprocessing = 0;
		};
/* End PBXFrameworksBuildPhase section */

/* Begin PBXGroup section */
		5A9D9FA32583BA89001CADF9 = {
			isa = PBXGroup;
			children = (
				5A74E16E25ED597200CEE4A5 /* Comments+CoreDataClass.swift */,
				5A74E16F25ED597200CEE4A5 /* Comments+CoreDataProperties.swift */,
				5A9D9FED2583EB22001CADF9 /* TempDataSource.swift */,
				5A9D9FDC2583E698001CADF9 /* fichi.rtf */,
				5A91687825E1AAE1005C4F4F /* WorkWithDB.swift */,
				5A9D9FAE2583BA8A001CADF9 /* KinoRate */,
				5A9D9FAD2583BA8A001CADF9 /* Products */,
			);
			sourceTree = "<group>";
		};
		5A9D9FAD2583BA8A001CADF9 /* Products */ = {
			isa = PBXGroup;
			children = (
				5A9D9FAC2583BA8A001CADF9 /* KinoRate.app */,
			);
			name = Products;
			sourceTree = "<group>";
		};
		5A9D9FAE2583BA8A001CADF9 /* KinoRate */ = {
			isa = PBXGroup;
			children = (
				5A8609632588C7EB00D1CB8B /* UIImageExtansion.swift */,
				5A9D9FAF2583BA8A001CADF9 /* AppDelegate.swift */,
				5A9D9FC82583BC32001CADF9 /* Scene */,
				5A9D9FF32583F1EB001CADF9 /* Films */,
				5A9D9FF22583F1E3001CADF9 /* Rates */,
				5A9D9FE12583E94A001CADF9 /* Settings */,
				5ABD43C325D179630036A902 /* Calculator */,
				5A9D9FBB2583BA8C001CADF9 /* Assets.xcassets */,
				5A9D9FBD2583BA8C001CADF9 /* LaunchScreen.storyboard */,
				5A9D9FC02583BA8C001CADF9 /* Info.plist */,
				5A74E16A25ED58E800CEE4A5 /* KinoRateDB.xcdatamodeld */,
			);
			path = KinoRate;
			sourceTree = "<group>";
		};
		5A9D9FC82583BC32001CADF9 /* Scene */ = {
			isa = PBXGroup;
			children = (
				5A9D9FB12583BA8A001CADF9 /* SceneDelegate.swift */,
				5A9D9FCD2583BCAA001CADF9 /* SceneDelegateExtansion.swift */,
			);
			path = Scene;
			sourceTree = "<group>";
		};
		5A9D9FE12583E94A001CADF9 /* Settings */ = {
			isa = PBXGroup;
			children = (
				5A9D9FD92583C0A0001CADF9 /* SettingsViewController.swift */,
				5A8609662588E6B700D1CB8B /* ProfileViewController.swift */,
				5A9D9FE72583E9BB001CADF9 /* SettingsSubViewController.swift */,
				5A725032259CEDD800BE16DB /* GeoViewController.swift */,
				5A9D9FEA2583EA04001CADF9 /* AboutViewController.swift */,
			);
			path = Settings;
			sourceTree = "<group>";
		};
		5A9D9FF22583F1E3001CADF9 /* Rates */ = {
			isa = PBXGroup;
			children = (
				5A9D9FD62583C09A001CADF9 /* RatesViewController.swift */,
				5A9D9FF52583F325001CADF9 /* RatesTableViewCell.swift */,
				5A8D4DD425DEFEEA000A8C6B /* CreateRateViewController.swift */,
			);
			path = Rates;
			sourceTree = "<group>";
		};
		5A9D9FF32583F1EB001CADF9 /* Films */ = {
			isa = PBXGroup;
			children = (
				5A9D9FD32583C093001CADF9 /* FilmsViewController.swift */,
				5A86B56E25C0587E00F3B9B1 /* FilmsSubCollectionViewCell.swift */,
				5AA791C92593DF68001756A9 /* FilmSubTableViewCell.swift */,
			);
			path = Films;
			sourceTree = "<group>";
		};
		5ABD43C325D179630036A902 /* Calculator */ = {
			isa = PBXGroup;
			children = (
				5ABD43C425D179AB0036A902 /* CalculatorViewController.swift */,
				5ABD43CA25D17E900036A902 /* CalculatorView.swift */,
				5ABD43C725D17A070036A902 /* CalculatorLogic.swift */,
			);
			path = Calculator;
			sourceTree = "<group>";
		};
/* End PBXGroup section */

/* Begin PBXNativeTarget section */
		5A9D9FAB2583BA8A001CADF9 /* KinoRate */ = {
			isa = PBXNativeTarget;
			buildConfigurationList = 5A9D9FC32583BA8C001CADF9 /* Build configuration list for PBXNativeTarget "KinoRate" */;
			buildPhases = (
				5A9D9FA82583BA8A001CADF9 /* Sources */,
				5A9D9FA92583BA8A001CADF9 /* Frameworks */,
				5A9D9FAA2583BA8A001CADF9 /* Resources */,
			);
			buildRules = (
			);
			dependencies = (
			);
			name = KinoRate;
			productName = KinoRate;
			productReference = 5A9D9FAC2583BA8A001CADF9 /* KinoRate.app */;
			productType = "com.apple.product-type.application";
		};
/* End PBXNativeTarget section */

/* Begin PBXProject section */
		5A9D9FA42583BA8A001CADF9 /* Project object */ = {
			isa = PBXProject;
			attributes = {
				LastSwiftUpdateCheck = 1220;
				LastUpgradeCheck = 1220;
				TargetAttributes = {
					5A9D9FAB2583BA8A001CADF9 = {
						CreatedOnToolsVersion = 12.2;
					};
				};
			};
			buildConfigurationList = 5A9D9FA72583BA8A001CADF9 /* Build configuration list for PBXProject "KinoRate" */;
			compatibilityVersion = "Xcode 9.3";
			developmentRegion = en;
			hasScannedForEncodings = 0;
			knownRegions = (
				en,
				Base,
			);
			mainGroup = 5A9D9FA32583BA89001CADF9;
			productRefGroup = 5A9D9FAD2583BA8A001CADF9 /* Products */;
			projectDirPath = "";
			projectRoot = "";
			targets = (
				5A9D9FAB2583BA8A001CADF9 /* KinoRate */,
			);
		};
/* End PBXProject section */

/* Begin PBXResourcesBuildPhase section */
		5A9D9FAA2583BA8A001CADF9 /* Resources */ = {
			isa = PBXResourcesBuildPhase;
			buildActionMask = 2147483647;
			files = (
				5A9D9FDD2583E698001CADF9 /* fichi.rtf in Resources */,
				5A9D9FBF2583BA8C001CADF9 /* LaunchScreen.storyboard in Resources */,
				5A9D9FBC2583BA8C001CADF9 /* Assets.xcassets in Resources */,
			);
			runOnlyForDeploymentPostprocessing = 0;
		};
/* End PBXResourcesBuildPhase section */

/* Begin PBXSourcesBuildPhase section */
		5A9D9FA82583BA8A001CADF9 /* Sources */ = {
			isa = PBXSourcesBuildPhase;
			buildActionMask = 2147483647;
			files = (
				5A9D9FCE2583BCAA001CADF9 /* SceneDelegateExtansion.swift in Sources */,
				5A9D9FB02583BA8A001CADF9 /* AppDelegate.swift in Sources */,
				5ABD43CB25D17E900036A902 /* CalculatorView.swift in Sources */,
				5A74E17125ED597200CEE4A5 /* Comments+CoreDataProperties.swift in Sources */,
				5A91687925E1AAE1005C4F4F /* WorkWithDB.swift in Sources */,
				5ABD43C825D17A070036A902 /* CalculatorLogic.swift in Sources */,
				5A9D9FEE2583EB22001CADF9 /* TempDataSource.swift in Sources */,
				5A9D9FDA2583C0A0001CADF9 /* SettingsViewController.swift in Sources */,
				5A9D9FEB2583EA04001CADF9 /* AboutViewController.swift in Sources */,
				5A725033259CEDD800BE16DB /* GeoViewController.swift in Sources */,
				5A8D4DD525DEFEEA000A8C6B /* CreateRateViewController.swift in Sources */,
				5A74E16C25ED58E800CEE4A5 /* KinoRateDB.xcdatamodeld in Sources */,
				5A9D9FF62583F325001CADF9 /* RatesTableViewCell.swift in Sources */,
				5A9D9FD42583C093001CADF9 /* FilmsViewController.swift in Sources */,
				5A8609642588C7EB00D1CB8B /* UIImageExtansion.swift in Sources */,
				5A9D9FE82583E9BB001CADF9 /* SettingsSubViewController.swift in Sources */,
				5AA791CA2593DF68001756A9 /* FilmSubTableViewCell.swift in Sources */,
				5A8609672588E6B700D1CB8B /* ProfileViewController.swift in Sources */,
				5A74E17025ED597200CEE4A5 /* Comments+CoreDataClass.swift in Sources */,
				5A9D9FD72583C09A001CADF9 /* RatesViewController.swift in Sources */,
				5A9D9FB22583BA8A001CADF9 /* SceneDelegate.swift in Sources */,
				5A86B56F25C0587E00F3B9B1 /* FilmsSubCollectionViewCell.swift in Sources */,
				5ABD43C525D179AB0036A902 /* CalculatorViewController.swift in Sources */,
			);
			runOnlyForDeploymentPostprocessing = 0;
		};
/* End PBXSourcesBuildPhase section */

/* Begin PBXVariantGroup section */
		5A9D9FBD2583BA8C001CADF9 /* LaunchScreen.storyboard */ = {
			isa = PBXVariantGroup;
			children = (
				5A9D9FBE2583BA8C001CADF9 /* Base */,
			);
			name = LaunchScreen.storyboard;
			sourceTree = "<group>";
		};
/* End PBXVariantGroup section */

/* Begin XCBuildConfiguration section */
		5A9D9FC12583BA8C001CADF9 /* Debug */ = {
			isa = XCBuildConfiguration;
			buildSettings = {
				ALWAYS_SEARCH_USER_PATHS = NO;
				CLANG_ANALYZER_NONNULL = YES;
				CLANG_ANALYZER_NUMBER_OBJECT_CONVERSION = YES_AGGRESSIVE;
				CLANG_CXX_LANGUAGE_STANDARD = "gnu++14";
				CLANG_CXX_LIBRARY = "libc++";
				CLANG_ENABLE_MODULES = YES;
				CLANG_ENABLE_OBJC_ARC = YES;
				CLANG_ENABLE_OBJC_WEAK = YES;
				CLANG_WARN_BLOCK_CAPTURE_AUTORELEASING = YES;
				CLANG_WARN_BOOL_CONVERSION = YES;
				CLANG_WARN_COMMA = YES;
				CLANG_WARN_CONSTANT_CONVERSION = YES;
				CLANG_WARN_DEPRECATED_OBJC_IMPLEMENTATIONS = YES;
				CLANG_WARN_DIRECT_OBJC_ISA_USAGE = YES_ERROR;
				CLANG_WARN_DOCUMENTATION_COMMENTS = YES;
				CLANG_WARN_EMPTY_BODY = YES;
				CLANG_WARN_ENUM_CONVERSION = YES;
				CLANG_WARN_INFINITE_RECURSION = YES;
				CLANG_WARN_INT_CONVERSION = YES;
				CLANG_WARN_NON_LITERAL_NULL_CONVERSION = YES;
				CLANG_WARN_OBJC_IMPLICIT_RETAIN_SELF = YES;
				CLANG_WARN_OBJC_LITERAL_CONVERSION = YES;
				CLANG_WARN_OBJC_ROOT_CLASS = YES_ERROR;
				CLANG_WARN_QUOTED_INCLUDE_IN_FRAMEWORK_HEADER = YES;
				CLANG_WARN_RANGE_LOOP_ANALYSIS = YES;
				CLANG_WARN_STRICT_PROTOTYPES = YES;
				CLANG_WARN_SUSPICIOUS_MOVE = YES;
				CLANG_WARN_UNGUARDED_AVAILABILITY = YES_AGGRESSIVE;
				CLANG_WARN_UNREACHABLE_CODE = YES;
				CLANG_WARN__DUPLICATE_METHOD_MATCH = YES;
				COPY_PHASE_STRIP = NO;
				DEBUG_INFORMATION_FORMAT = dwarf;
				ENABLE_STRICT_OBJC_MSGSEND = YES;
				ENABLE_TESTABILITY = YES;
				GCC_C_LANGUAGE_STANDARD = gnu11;
				GCC_DYNAMIC_NO_PIC = NO;
				GCC_NO_COMMON_BLOCKS = YES;
				GCC_OPTIMIZATION_LEVEL = 0;
				GCC_PREPROCESSOR_DEFINITIONS = (
					"DEBUG=1",
					"$(inherited)",
				);
				GCC_WARN_64_TO_32_BIT_CONVERSION = YES;
				GCC_WARN_ABOUT_RETURN_TYPE = YES_ERROR;
				GCC_WARN_UNDECLARED_SELECTOR = YES;
				GCC_WARN_UNINITIALIZED_AUTOS = YES_AGGRESSIVE;
				GCC_WARN_UNUSED_FUNCTION = YES;
				GCC_WARN_UNUSED_VARIABLE = YES;
				IPHONEOS_DEPLOYMENT_TARGET = 14.2;
				MTL_ENABLE_DEBUG_INFO = INCLUDE_SOURCE;
				MTL_FAST_MATH = YES;
				ONLY_ACTIVE_ARCH = YES;
				SDKROOT = iphoneos;
				SWIFT_ACTIVE_COMPILATION_CONDITIONS = DEBUG;
				SWIFT_OPTIMIZATION_LEVEL = "-Onone";
			};
			name = Debug;
		};
		5A9D9FC22583BA8C001CADF9 /* Release */ = {
			isa = XCBuildConfiguration;
			buildSettings = {
				ALWAYS_SEARCH_USER_PATHS = NO;
				CLANG_ANALYZER_NONNULL = YES;
				CLANG_ANALYZER_NUMBER_OBJECT_CONVERSION = YES_AGGRESSIVE;
				CLANG_CXX_LANGUAGE_STANDARD = "gnu++14";
				CLANG_CXX_LIBRARY = "libc++";
				CLANG_ENABLE_MODULES = YES;
				CLANG_ENABLE_OBJC_ARC = YES;
				CLANG_ENABLE_OBJC_WEAK = YES;
				CLANG_WARN_BLOCK_CAPTURE_AUTORELEASING = YES;
				CLANG_WARN_BOOL_CONVERSION = YES;
				CLANG_WARN_COMMA = YES;
				CLANG_WARN_CONSTANT_CONVERSION = YES;
				CLANG_WARN_DEPRECATED_OBJC_IMPLEMENTATIONS = YES;
				CLANG_WARN_DIRECT_OBJC_ISA_USAGE = YES_ERROR;
				CLANG_WARN_DOCUMENTATION_COMMENTS = YES;
				CLANG_WARN_EMPTY_BODY = YES;
				CLANG_WARN_ENUM_CONVERSION = YES;
				CLANG_WARN_INFINITE_RECURSION = YES;
				CLANG_WARN_INT_CONVERSION = YES;
				CLANG_WARN_NON_LITERAL_NULL_CONVERSION = YES;
				CLANG_WARN_OBJC_IMPLICIT_RETAIN_SELF = YES;
				CLANG_WARN_OBJC_LITERAL_CONVERSION = YES;
				CLANG_WARN_OBJC_ROOT_CLASS = YES_ERROR;
				CLANG_WARN_QUOTED_INCLUDE_IN_FRAMEWORK_HEADER = YES;
				CLANG_WARN_RANGE_LOOP_ANALYSIS = YES;
				CLANG_WARN_STRICT_PROTOTYPES = YES;
				CLANG_WARN_SUSPICIOUS_MOVE = YES;
				CLANG_WARN_UNGUARDED_AVAILABILITY = YES_AGGRESSIVE;
				CLANG_WARN_UNREACHABLE_CODE = YES;
				CLANG_WARN__DUPLICATE_METHOD_MATCH = YES;
				COPY_PHASE_STRIP = NO;
				DEBUG_INFORMATION_FORMAT = "dwarf-with-dsym";
				ENABLE_NS_ASSERTIONS = NO;
				ENABLE_STRICT_OBJC_MSGSEND = YES;
				GCC_C_LANGUAGE_STANDARD = gnu11;
				GCC_NO_COMMON_BLOCKS = YES;
				GCC_WARN_64_TO_32_BIT_CONVERSION = YES;
				GCC_WARN_ABOUT_RETURN_TYPE = YES_ERROR;
				GCC_WARN_UNDECLARED_SELECTOR = YES;
				GCC_WARN_UNINITIALIZED_AUTOS = YES_AGGRESSIVE;
				GCC_WARN_UNUSED_FUNCTION = YES;
				GCC_WARN_UNUSED_VARIABLE = YES;
				IPHONEOS_DEPLOYMENT_TARGET = 14.2;
				MTL_ENABLE_DEBUG_INFO = NO;
				MTL_FAST_MATH = YES;
				SDKROOT = iphoneos;
				SWIFT_COMPILATION_MODE = wholemodule;
				SWIFT_OPTIMIZATION_LEVEL = "-O";
				VALIDATE_PRODUCT = YES;
			};
			name = Release;
		};
		5A9D9FC42583BA8C001CADF9 /* Debug */ = {
			isa = XCBuildConfiguration;
			buildSettings = {
				ASSETCATALOG_COMPILER_APPICON_NAME = AppIcon;
				ASSETCATALOG_COMPILER_GLOBAL_ACCENT_COLOR_NAME = AccentColor;
				CODE_SIGN_STYLE = Automatic;
				DEVELOPMENT_TEAM = ALVSY66ULS;
				INFOPLIST_FILE = KinoRate/Info.plist;
				IPHONEOS_DEPLOYMENT_TARGET = 13.0;
				LD_RUNPATH_SEARCH_PATHS = (
					"$(inherited)",
					"@executable_path/Frameworks",
				);
				PRODUCT_BUNDLE_IDENTIFIER = sdk.KinoRate;
				PRODUCT_NAME = "$(TARGET_NAME)";
				SWIFT_VERSION = 5.0;
				TARGETED_DEVICE_FAMILY = "1,2";
			};
			name = Debug;
		};
		5A9D9FC52583BA8C001CADF9 /* Release */ = {
			isa = XCBuildConfiguration;
			buildSettings = {
				ASSETCATALOG_COMPILER_APPICON_NAME = AppIcon;
				ASSETCATALOG_COMPILER_GLOBAL_ACCENT_COLOR_NAME = AccentColor;
				CODE_SIGN_STYLE = Automatic;
				DEVELOPMENT_TEAM = ALVSY66ULS;
				INFOPLIST_FILE = KinoRate/Info.plist;
				IPHONEOS_DEPLOYMENT_TARGET = 13.0;
				LD_RUNPATH_SEARCH_PATHS = (
					"$(inherited)",
					"@executable_path/Frameworks",
				);
				PRODUCT_BUNDLE_IDENTIFIER = sdk.KinoRate;
				PRODUCT_NAME = "$(TARGET_NAME)";
				SWIFT_VERSION = 5.0;
				TARGETED_DEVICE_FAMILY = "1,2";
			};
			name = Release;
		};
/* End XCBuildConfiguration section */

/* Begin XCConfigurationList section */
		5A9D9FA72583BA8A001CADF9 /* Build configuration list for PBXProject "KinoRate" */ = {
			isa = XCConfigurationList;
			buildConfigurations = (
				5A9D9FC12583BA8C001CADF9 /* Debug */,
				5A9D9FC22583BA8C001CADF9 /* Release */,
			);
			defaultConfigurationIsVisible = 0;
			defaultConfigurationName = Release;
		};
		5A9D9FC32583BA8C001CADF9 /* Build configuration list for PBXNativeTarget "KinoRate" */ = {
			isa = XCConfigurationList;
			buildConfigurations = (
				5A9D9FC42583BA8C001CADF9 /* Debug */,
				5A9D9FC52583BA8C001CADF9 /* Release */,
			);
			defaultConfigurationIsVisible = 0;
			defaultConfigurationName = Release;
		};
/* End XCConfigurationList section */

/* Begin XCVersionGroup section */
		5A74E16A25ED58E800CEE4A5 /* KinoRateDB.xcdatamodeld */ = {
			isa = XCVersionGroup;
			children = (
				5A74E16B25ED58E800CEE4A5 /* KinoRateDB.xcdatamodel */,
			);
			currentVersion = 5A74E16B25ED58E800CEE4A5 /* KinoRateDB.xcdatamodel */;
			path = KinoRateDB.xcdatamodeld;
			sourceTree = "<group>";
			versionGroupType = wrapper.xcdatamodel;
		};
/* End XCVersionGroup section */
	};
	rootObject = 5A9D9FA42583BA8A001CADF9 /* Project object */;
}
